
Microsoft Visual Studio Solution File, Format Version 12.00
Project("{2150E333-8FDC-42A3-9474-1A3956D46DE8}") = "Core", "Core", "{36502AE8-9273-460C-A658-0BF7F345A9D5}"
EndProject
Project("{2150E333-8FDC-42A3-9474-1A3956D46DE8}") = "Infrastructure", "Infrastructure", "{951C1B65-9308-4107-934C-A3F56B915CD7}"
EndProject
Project("{2150E333-8FDC-42A3-9474-1A3956D46DE8}") = "UI", "UI", "{58B0A9C7-9B69-4CCF-9690-1DC3BDAF1473}"
EndProject
Project("{FAE04EC0-301F-11D3-BF4B-00C04F79EFBC}") = "NTY.PetShop.UI", "NTY.PetShop.UI\NTY.PetShop.UI.csproj", "{A3848E80-7144-4C48-87BE-868CABF798CB}"
EndProject
Project("{FAE04EC0-301F-11D3-BF4B-00C04F79EFBC}") = "NTY.PetShop.Core", "NTY.PetShop.Core\NTY.PetShop.Core.csproj", "{84E11DAB-8559-4785-852C-AC10E2314E8D}"
EndProject
Project("{FAE04EC0-301F-11D3-BF4B-00C04F79EFBC}") = "NTY.PetShop.Domain", "NTY.PetShop.Domain\NTY.PetShop.Domain.csproj", "{32270DEA-335B-4E29-B288-800E487855C1}"
EndProject
Project("{FAE04EC0-301F-11D3-BF4B-00C04F79EFBC}") = "NTY.PetShop.SQL", "NTY.PetShop.SQL\NTY.PetShop.SQL.csproj", "{258089DC-2E4D-4C63-BDEA-EDCAEA74EF1A}"
EndProject
Global
	GlobalSection(SolutionConfigurationPlatforms) = preSolution
		Debug|Any CPU = Debug|Any CPU
		Release|Any CPU = Release|Any CPU
	EndGlobalSection
	GlobalSection(NestedProjects) = preSolution
		{A3848E80-7144-4C48-87BE-868CABF798CB} = {58B0A9C7-9B69-4CCF-9690-1DC3BDAF1473}
		{84E11DAB-8559-4785-852C-AC10E2314E8D} = {36502AE8-9273-460C-A658-0BF7F345A9D5}
		{32270DEA-335B-4E29-B288-800E487855C1} = {36502AE8-9273-460C-A658-0BF7F345A9D5}
		{258089DC-2E4D-4C63-BDEA-EDCAEA74EF1A} = {951C1B65-9308-4107-934C-A3F56B915CD7}
	EndGlobalSection
	GlobalSection(ProjectConfigurationPlatforms) = postSolution
		{A3848E80-7144-4C48-87BE-868CABF798CB}.Debug|Any CPU.ActiveCfg = Debug|Any CPU
		{A3848E80-7144-4C48-87BE-868CABF798CB}.Debug|Any CPU.Build.0 = Debug|Any CPU
		{A3848E80-7144-4C48-87BE-868CABF798CB}.Release|Any CPU.ActiveCfg = Release|Any CPU
		{A3848E80-7144-4C48-87BE-868CABF798CB}.Release|Any CPU.Build.0 = Release|Any CPU
		{84E11DAB-8559-4785-852C-AC10E2314E8D}.Debug|Any CPU.ActiveCfg = Debug|Any CPU
		{84E11DAB-8559-4785-852C-AC10E2314E8D}.Debug|Any CPU.Build.0 = Debug|Any CPU
		{84E11DAB-8559-4785-852C-AC10E2314E8D}.Release|Any CPU.ActiveCfg = Release|Any CPU
		{84E11DAB-8559-4785-852C-AC10E2314E8D}.Release|Any CPU.Build.0 = Release|Any CPU
		{32270DEA-335B-4E29-B288-800E487855C1}.Debug|Any CPU.ActiveCfg = Debug|Any CPU
		{32270DEA-335B-4E29-B288-800E487855C1}.Debug|Any CPU.Build.0 = Debug|Any CPU
		{32270DEA-335B-4E29-B288-800E487855C1}.Release|Any CPU.ActiveCfg = Release|Any CPU
		{32270DEA-335B-4E29-B288-800E487855C1}.Release|Any CPU.Build.0 = Release|Any CPU
		{258089DC-2E4D-4C63-BDEA-EDCAEA74EF1A}.Debug|Any CPU.ActiveCfg = Debug|Any CPU
		{258089DC-2E4D-4C63-BDEA-EDCAEA74EF1A}.Debug|Any CPU.Build.0 = Debug|Any CPU
		{258089DC-2E4D-4C63-BDEA-EDCAEA74EF1A}.Release|Any CPU.ActiveCfg = Release|Any CPU
		{258089DC-2E4D-4C63-BDEA-EDCAEA74EF1A}.Release|Any CPU.Build.0 = Release|Any CPU
	EndGlobalSection
EndGlobal
